
Microsoft Visual Studio Solution File, Format Version 12.00
# Visual Studio Version 16
VisualStudioVersion = 16.0.30225.117
MinimumVisualStudioVersion = 10.0.40219.1
Project("{00D1A9C2-B5F0-4AF3-8072-F6C62B433612}") = "AdventureWorksLT", "AdventureWorksLT.sqlproj", "{AEEEAA15-B3E6-444A-B8D7-17AC1D03163C}"
EndProject
Global
	GlobalSection(SolutionConfigurationPlatforms) = preSolution
		Debug|Any CPU = Debug|Any CPU
		Release|Any CPU = Release|Any CPU
	EndGlobalSection
	GlobalSection(ProjectConfigurationPlatforms) = postSolution
		{AEEEAA15-B3E6-444A-B8D7-17AC1D03163C}.Debug|Any CPU.ActiveCfg = Debug|Any CPU
		{AEEEAA15-B3E6-444A-B8D7-17AC1D03163C}.Debug|Any CPU.Build.0 = Debug|Any CPU
		{AEEEAA15-B3E6-444A-B8D7-17AC1D03163C}.Debug|Any CPU.Deploy.0 = Debug|Any CPU
		{AEEEAA15-B3E6-444A-B8D7-17AC1D03163C}.Release|Any CPU.ActiveCfg = Release|Any CPU
		{AEEEAA15-B3E6-444A-B8D7-17AC1D03163C}.Release|Any CPU.Build.0 = Release|Any CPU
		{AEEEAA15-B3E6-444A-B8D7-17AC1D03163C}.Release|Any CPU.Deploy.0 = Release|Any CPU
	EndGlobalSection
	GlobalSection(SolutionProperties) = preSolution
		HideSolutionNode = FALSE
	EndGlobalSection
	GlobalSection(ExtensibilityGlobals) = postSolution
		SolutionGuid = {8C2A0D3D-E07F-49C0-8A22-F95557ED11C7}
	EndGlobalSection
EndGlobal
